{
  "name": "base-angular-lib",
  "version": "0.0.1",
  "lockfileVersion": 1,
  "requires": true,
  "dependencies": {
    "@angular/cdk": {
      "version": "7.0.2",
      "resolved": "http://registry.npm.taobao.org/@angular/cdk/download/@angular/cdk-7.0.2.tgz",
      "integrity": "sha1-NQgc0nqPUhRWi2rRrPjLOzwxX5k=",
      "requires": {
        "parse5": "^5.0.0",
        "tslib": "^1.7.1"
      }
    },
    "@angular/flex-layout": {
      "version": "7.0.0-beta.19",
      "resolved": "http://registry.npm.taobao.org/@angular/flex-layout/download/@angular/flex-layout-7.0.0-beta.19.tgz",
      "integrity": "sha1-+KpG3RKQrbpRKhXnYpONah1xvNU=",
      "requires": {
        "tslib": "^1.7.1"
      }
    },
    "@ngx-translate/core": {
      "version": "11.0.0",
      "resolved": "http://registry.npm.taobao.org/@ngx-translate/core/download/@ngx-translate/core-11.0.0.tgz",
      "integrity": "sha1-cAZ17idqn1Z3YCGLjkPidkeevc4=",
      "requires": {
        "tslib": "^1.9.0"
      }
    },
    "@types/node": {
      "version": "10.12.1",
      "resolved": "http://registry.npm.taobao.org/@types/node/download/@types/node-10.12.1.tgz",
      "integrity": "sha1-2mG2SikwqA+nCOV8Rc1UQes3nVs="
    },
    "@types/uuid": {
      "version": "3.4.4",
      "resolved": "http://registry.npm.taobao.org/@types/uuid/download/@types/uuid-3.4.4.tgz",
      "integrity": "sha1-evaTYPpl7w3stB/RUL9MpcDO/fU=",
      "requires": {
        "@types/node": "*"
      }
    },
    "parse5": {
      "version": "5.1.0",
      "resolved": "http://registry.npm.taobao.org/parse5/download/parse5-5.1.0.tgz",
      "integrity": "sha1-xZNByXI/QUxFKXVWTHwApo1YrNI=",
      "optional": true
    },
    "tslib": {
      "version": "1.9.3",
      "resolved": "http://registry.npm.taobao.org/tslib/download/tslib-1.9.3.tgz",
      "integrity": "sha1-1+TdeSRdhUKMTX5IIqeZF5VMooY="
    },
    "uuid": {
      "version": "3.3.2",
      "resolved": "http://registry.npm.taobao.org/uuid/download/uuid-3.3.2.tgz",
      "integrity": "sha1-G0r0lV6zB3xQHCOHL8ZROBFYcTE="
    }
  }
}
