{
  "name": "base-angular-lib",
  "version": "0.0.1",
  "lockfileVersion": 1,
  "requires": true,
  "dependencies": {
    "@types/node": {
      "version": "10.12.1",
      "resolved": "http://registry.npm.taobao.org/@types/node/download/@types/node-10.12.1.tgz",
      "integrity": "sha1-2mG2SikwqA+nCOV8Rc1UQes3nVs="
    },
    "@types/uuid": {
      "version": "3.4.4",
      "resolved": "http://registry.npm.taobao.org/@types/uuid/download/@types/uuid-3.4.4.tgz",
      "integrity": "sha1-evaTYPpl7w3stB/RUL9MpcDO/fU=",
      "requires": {
        "@types/node": "*"
      }
    },
    "uuid": {
      "version": "3.3.2",
      "resolved": "http://registry.npm.taobao.org/uuid/download/uuid-3.3.2.tgz",
      "integrity": "sha1-G0r0lV6zB3xQHCOHL8ZROBFYcTE="
    }
  }
}
